
Microsoft Visual Studio Solution File, Format Version 12.00
# Visual Studio Version 16
VisualStudioVersion = 16.0.29613.14
MinimumVisualStudioVersion = 10.0.40219.1
Project("{FAE04EC0-301F-11D3-BF4B-00C04F79EFBC}") = "Clarius.TransformOnBuild.MSBuild.Task", "Clarius.TransformOnBuild.MSBuild.Task\Clarius.TransformOnBuild.MSBuild.Task.csproj", "{EB0AFC95-520D-4F4A-9709-E1EA69704954}"
EndProject
Global
	GlobalSection(SolutionConfigurationPlatforms) = preSolution
		Debug|Any CPU = Debug|Any CPU
		Release|Any CPU = Release|Any CPU
	EndGlobalSection
	GlobalSection(ProjectConfigurationPlatforms) = postSolution
		{EB0AFC95-520D-4F4A-9709-E1EA69704954}.Debug|Any CPU.ActiveCfg = Debug|Any CPU
		{EB0AFC95-520D-4F4A-9709-E1EA69704954}.Debug|Any CPU.Build.0 = Debug|Any CPU
		{EB0AFC95-520D-4F4A-9709-E1EA69704954}.Release|Any CPU.ActiveCfg = Release|Any CPU
		{EB0AFC95-520D-4F4A-9709-E1EA69704954}.Release|Any CPU.Build.0 = Release|Any CPU
	EndGlobalSection
	GlobalSection(SolutionProperties) = preSolution
		HideSolutionNode = FALSE
	EndGlobalSection
	GlobalSection(ExtensibilityGlobals) = postSolution
		SolutionGuid = {3AB6B0E5-3FE5-4774-9573-0F2170270278}
	EndGlobalSection
EndGlobal
